{
  "name": "packeg",
  "version": "1.0.0",
  "lockfileVersion": 1,
  "requires": true,
  "dependencies": {
    "@LLstudent83/ajs": {
      "version": "1.0.0",
      "resolved": "https://npm.pkg.github.com/download/@LLstudent83/ajs/1.0.0/fe728b85a57fd2a8f2b8b7b10df0d84d8c730bc0c7f2df961def12f04d59faa3",
      "integrity": "sha512-KF5HADAwzTlRYXuSiv/3nxKvEkcwNV5Pjgh+arE9+PwBzWaxp5FmS2/phTw/hkxrXIIcg7XcU3QFzDTnxmUQFg=="
    }
  }
}
